<?xml version="1.0" encoding="utf-8"?>
<Project ToolsVersion="4.0" xmlns="http://schemas.microsoft.com/developer/msbuild/2003">
  <ItemGroup>
    <Filter Include="win32">
      <UniqueIdentifier>{84a8ebd7-7cf0-47f6-b75e-d441df67da40}</UniqueIdentifier>
    </Filter>
    <Filter Include="resource">
      <UniqueIdentifier>{715254bc-d70b-4ec5-bf29-467dd3ace079}</UniqueIdentifier>
    </Filter>
    <Filter Include="src">
      <UniqueIdentifier>{bb6c862e-70e9-49d9-81b7-3829a6f50471}</UniqueIdentifier>
    </Filter>
    <Filter Include="resource\maskedsprite">
      <UniqueIdentifier>{e68e46ed-2acd-4287-82c7-912d6d4c01a7}</UniqueIdentifier>
    </Filter>
  </ItemGroup>
  <ItemGroup>
    <ClCompile Include="main.cpp">
      <Filter>win32</Filter>
    </ClCompile>
    <ClCompile Include="..\Classes\drawsprite\AppDelegate.cpp">
      <Filter>src</Filter>
    </ClCompile>
    <ClCompile Include="..\Classes\drawsprite\MainMenuScene.cpp">
      <Filter>src</Filter>
    </ClCompile>
    <ClCompile Include="..\Classes\drawsprite\DrawSprite.cpp">
      <Filter>src</Filter>
    </ClCompile>
    <ClCompile Include="..\Classes\drawsprite\GameGlobals.cpp">
      <Filter>src</Filter>
    </ClCompile>
  </ItemGroup>
  <ItemGroup>
    <ClInclude Include="main.h">
      <Filter>win32</Filter>
    </ClInclude>
    <ClInclude Include="..\Classes\drawsprite\AppDelegate.h">
      <Filter>src</Filter>
    </ClInclude>
    <ClInclude Include="..\Classes\drawsprite\MainMenuScene.h">
      <Filter>src</Filter>
    </ClInclude>
    <ClInclude Include="..\Classes\drawsprite\DrawSprite.h">
      <Filter>src</Filter>
    </ClInclude>
    <ClInclude Include="..\Classes\drawsprite\GameGlobals.h">
      <Filter>src</Filter>
    </ClInclude>
  </ItemGroup>
  <ItemGroup>
    <ResourceCompile Include="game.rc">
      <Filter>resource</Filter>
    </ResourceCompile>
  </ItemGroup>
  <ItemGroup>
    <Image Include="..\Resources\maskedsprite\Default.png">
      <Filter>resource\maskedsprite</Filter>
    </Image>
    <Image Include="..\Resources\maskedsprite\Default-Landscape~ipad.png">
      <Filter>resource\maskedsprite</Filter>
    </Image>
    <Image Include="..\Resources\maskedsprite\fps_images.png">
      <Filter>resource\maskedsprite</Filter>
    </Image>
    <Image Include="..\Resources\maskedsprite\fps_images-hd.png">
      <Filter>resource\maskedsprite</Filter>
    </Image>
    <Image Include="..\Resources\maskedsprite\fps_images-ipadhd.png">
      <Filter>resource\maskedsprite</Filter>
    </Image>
    <Image Include="..\Resources\maskedsprite\Icon.png">
      <Filter>resource\maskedsprite</Filter>
    </Image>
    <Image Include="..\Resources\maskedsprite\Icon%402x.png">
      <Filter>resource\maskedsprite</Filter>
    </Image>
    <Image Include="..\Resources\maskedsprite\Icon-72.png">
      <Filter>resource\maskedsprite</Filter>
    </Image>
    <Image Include="..\Resources\maskedsprite\Icon-Small.png">
      <Filter>resource\maskedsprite</Filter>
    </Image>
    <Image Include="..\Resources\maskedsprite\Icon-Small%402x.png">
      <Filter>resource\maskedsprite</Filter>
    </Image>
    <Image Include="..\Resources\maskedsprite\Icon-Small-50.png">
      <Filter>resource\maskedsprite</Filter>
    </Image>
    <Image Include="..\Resources\maskedsprite\stickman.png">
      <Filter>resource\maskedsprite</Filter>
    </Image>
  </ItemGroup>
  <ItemGroup>
    <None Include="..\Resources\maskedsprite\Info.plist">
      <Filter>resource\maskedsprite</Filter>
    </None>
    <None Include="..\Resources\maskedsprite\iTunesArtwork">
      <Filter>resource\maskedsprite</Filter>
    </None>
    <None Include="..\Resources\maskedsprite\Mask.fsh">
      <Filter>resource\maskedsprite</Filter>
    </None>
  </ItemGroup>
</Project>