<?xml version="1.0" encoding="utf-8"?>
<Project ToolsVersion="4.0" xmlns="http://schemas.microsoft.com/developer/msbuild/2003">
  <ItemGroup>
    <Filter Include="win32">
      <UniqueIdentifier>{84a8ebd7-7cf0-47f6-b75e-d441df67da40}</UniqueIdentifier>
    </Filter>
    <Filter Include="resource">
      <UniqueIdentifier>{715254bc-d70b-4ec5-bf29-467dd3ace079}</UniqueIdentifier>
    </Filter>
    <Filter Include="src">
      <UniqueIdentifier>{bb6c862e-70e9-49d9-81b7-3829a6f50471}</UniqueIdentifier>
    </Filter>
    <Filter Include="resource\tiledsprite">
      <UniqueIdentifier>{1ff4a7e2-01ca-4d67-bb0c-c6f469608b9d}</UniqueIdentifier>
    </Filter>
    <Filter Include="resource\maskedsprite">
      <UniqueIdentifier>{fe5c095d-89a1-4aa1-850a-6d1c407b3e49}</UniqueIdentifier>
    </Filter>
    <Filter Include="resource\flappy">
      <UniqueIdentifier>{09274a69-d7d5-4440-84c3-c7bf51acb43c}</UniqueIdentifier>
    </Filter>
    <Filter Include="resource\flappy\fonts">
      <UniqueIdentifier>{5d71bfcf-dd7d-4988-b702-3f3fe7d63e13}</UniqueIdentifier>
    </Filter>
    <Filter Include="src\clipsprite">
      <UniqueIdentifier>{d2ddf5c7-f15c-4d8d-b959-1b1428370cf3}</UniqueIdentifier>
    </Filter>
  </ItemGroup>
  <ItemGroup>
    <ClCompile Include="main.cpp">
      <Filter>win32</Filter>
    </ClCompile>
    <ClCompile Include="..\Classes\clipsprite\AppDelegate.cpp">
      <Filter>src\clipsprite</Filter>
    </ClCompile>
    <ClCompile Include="..\Classes\clipsprite\MainMenuScene.cpp">
      <Filter>src\clipsprite</Filter>
    </ClCompile>
  </ItemGroup>
  <ItemGroup>
    <ClInclude Include="main.h">
      <Filter>win32</Filter>
    </ClInclude>
    <ClInclude Include="..\Classes\GameResources.h">
      <Filter>src</Filter>
    </ClInclude>
    <ClInclude Include="..\Classes\clipsprite\AppDelegate.h">
      <Filter>src\clipsprite</Filter>
    </ClInclude>
    <ClInclude Include="..\Classes\clipsprite\MainMenuScene.h">
      <Filter>src\clipsprite</Filter>
    </ClInclude>
  </ItemGroup>
  <ItemGroup>
    <ResourceCompile Include="game.rc">
      <Filter>resource</Filter>
    </ResourceCompile>
  </ItemGroup>
  <ItemGroup>
    <Image Include="..\Resources\tiledsprite\brick.png">
      <Filter>resource\tiledsprite</Filter>
    </Image>
    <Image Include="..\Resources\maskedsprite\Default.png">
      <Filter>resource\maskedsprite</Filter>
    </Image>
    <Image Include="..\Resources\maskedsprite\Default-Landscape~ipad.png">
      <Filter>resource\maskedsprite</Filter>
    </Image>
    <Image Include="..\Resources\maskedsprite\fps_images.png">
      <Filter>resource\maskedsprite</Filter>
    </Image>
    <Image Include="..\Resources\maskedsprite\fps_images-hd.png">
      <Filter>resource\maskedsprite</Filter>
    </Image>
    <Image Include="..\Resources\maskedsprite\fps_images-ipadhd.png">
      <Filter>resource\maskedsprite</Filter>
    </Image>
    <Image Include="..\Resources\maskedsprite\Icon.png">
      <Filter>resource\maskedsprite</Filter>
    </Image>
    <Image Include="..\Resources\maskedsprite\Icon%402x.png">
      <Filter>resource\maskedsprite</Filter>
    </Image>
    <Image Include="..\Resources\maskedsprite\Icon-72.png">
      <Filter>resource\maskedsprite</Filter>
    </Image>
    <Image Include="..\Resources\maskedsprite\Icon-Small.png">
      <Filter>resource\maskedsprite</Filter>
    </Image>
    <Image Include="..\Resources\maskedsprite\Icon-Small%402x.png">
      <Filter>resource\maskedsprite</Filter>
    </Image>
    <Image Include="..\Resources\maskedsprite\Icon-Small-50.png">
      <Filter>resource\maskedsprite</Filter>
    </Image>
    <Image Include="..\Resources\maskedsprite\stickman.png">
      <Filter>resource\maskedsprite</Filter>
    </Image>
  </ItemGroup>
  <ItemGroup>
    <None Include="..\Resources\maskedsprite\Info.plist">
      <Filter>resource\maskedsprite</Filter>
    </None>
    <None Include="..\Resources\maskedsprite\iTunesArtwork">
      <Filter>resource\maskedsprite</Filter>
    </None>
    <None Include="..\Resources\maskedsprite\Mask.fsh">
      <Filter>resource\maskedsprite</Filter>
    </None>
  </ItemGroup>
  <ItemGroup>
    <Font Include="..\Resources\flappy\fonts\arial.ttf">
      <Filter>resource\flappy\fonts</Filter>
    </Font>
    <Font Include="..\Resources\flappy\fonts\Marker Felt.ttf">
      <Filter>resource\flappy\fonts</Filter>
    </Font>
  </ItemGroup>
</Project>